{
  "name": "py",
  "version": "1.0.0",
  "lockfileVersion": 1,
  "requires": true,
  "dependencies": {
    "json-placeholder-replacer": {
      "version": "1.0.35",
      "resolved": "https://registry.npmjs.org/json-placeholder-replacer/-/json-placeholder-replacer-1.0.35.tgz",
      "integrity": "sha512-edlSWqcFVUpKPshaIcJfXpQ8eu0//gk8iU6XHWkCZIp5QEp4hoCFR7uk+LrIzhLTSqmBQ9VBs+EYK8pvWGEpRg=="
    }
  }
}
